// !$*UTF8*$!
{
	archiveVersion = 1;
	classes = {
	};
	objectVersion = 55;
	objects = {

/* Begin PBXBuildFile section */
		3EC76DF5279DD91B00982257 /* SimonApp.swift in Sources */ = {isa = PBXBuildFile; fileRef = 3EC76DF4279DD91B00982257 /* SimonApp.swift */; };
		3EC76DF7279DD91B00982257 /* SimonButton.swift in Sources */ = {isa = PBXBuildFile; fileRef = 3EC76DF6279DD91B00982257 /* SimonButton.swift */; };
		3EC76DF9279DD91C00982257 /* Assets.xcassets in Resources */ = {isa = PBXBuildFile; fileRef = 3EC76DF8279DD91C00982257 /* Assets.xcassets */; };
		3EC76DFC279DD91C00982257 /* Preview Assets.xcassets in Resources */ = {isa = PBXBuildFile; fileRef = 3EC76DFB279DD91C00982257 /* Preview Assets.xcassets */; };
		3EC76E03279E31F200982257 /* ContentView.swift in Sources */ = {isa = PBXBuildFile; fileRef = 3EC76E02279E31F200982257 /* ContentView.swift */; };
		3EC76E05279E3C5800982257 /* SimonGame.swift in Sources */ = {isa = PBXBuildFile; fileRef = 3EC76E04279E3C5800982257 /* SimonGame.swift */; };
		3EC76E07279E3C8C00982257 /* ButtonModel.swift in Sources */ = {isa = PBXBuildFile; fileRef = 3EC76E06279E3C8C00982257 /* ButtonModel.swift */; };
		3EE255CC27A70EBC00CF587A /* Assets.xcassets in Resources */ = {isa = PBXBuildFile; fileRef = 3EE255CB27A70EBC00CF587A /* Assets.xcassets */; };
		3EE255D227A70EBC00CF587A /* SimonWatch WatchKit Extension.appex in Embed App Extensions */ = {isa = PBXBuildFile; fileRef = 3EE255D127A70EBC00CF587A /* SimonWatch WatchKit Extension.appex */; settings = {ATTRIBUTES = (RemoveHeadersOnCopy, ); }; };
		3EE255D727A70EBC00CF587A /* WatchContentView.swift in Sources */ = {isa = PBXBuildFile; fileRef = 3EE255D627A70EBC00CF587A /* WatchContentView.swift */; };
		3EE255D927A70EBC00CF587A /* SimonApp.swift in Sources */ = {isa = PBXBuildFile; fileRef = 3EE255D827A70EBC00CF587A /* SimonApp.swift */; };
		3EE255DB27A70EBC00CF587A /* ComplicationController.swift in Sources */ = {isa = PBXBuildFile; fileRef = 3EE255DA27A70EBC00CF587A /* ComplicationController.swift */; };
		3EE255DD27A70EBD00CF587A /* Assets.xcassets in Resources */ = {isa = PBXBuildFile; fileRef = 3EE255DC27A70EBD00CF587A /* Assets.xcassets */; };
		3EE255E027A70EBD00CF587A /* Preview Assets.xcassets in Resources */ = {isa = PBXBuildFile; fileRef = 3EE255DF27A70EBD00CF587A /* Preview Assets.xcassets */; };
		3EE255E427A70EBD00CF587A /* SimonWatch.app in Embed Watch Content */ = {isa = PBXBuildFile; fileRef = 3EE255C927A70EBB00CF587A /* SimonWatch.app */; settings = {ATTRIBUTES = (RemoveHeadersOnCopy, ); }; };
		3EE255ED27A70EFE00CF587A /* SimonGame.swift in Sources */ = {isa = PBXBuildFile; fileRef = 3EC76E04279E3C5800982257 /* SimonGame.swift */; };
		3EE255EE27A70EFE00CF587A /* ButtonModel.swift in Sources */ = {isa = PBXBuildFile; fileRef = 3EC76E06279E3C8C00982257 /* ButtonModel.swift */; };
		3EE255EF27A70EFE00CF587A /* ContentView.swift in Sources */ = {isa = PBXBuildFile; fileRef = 3EC76E02279E31F200982257 /* ContentView.swift */; };
		3EE255F227A7103B00CF587A /* SimonButton.swift in Sources */ = {isa = PBXBuildFile; fileRef = 3EE255F127A7103B00CF587A /* SimonButton.swift */; };
/* End PBXBuildFile section */

/* Begin PBXContainerItemProxy section */
		3EE255D327A70EBC00CF587A /* PBXContainerItemProxy */ = {
			isa = PBXContainerItemProxy;
			containerPortal = 3EC76DE9279DD91B00982257 /* Project object */;
			proxyType = 1;
			remoteGlobalIDString = 3EE255D027A70EBC00CF587A;
			remoteInfo = "SimonWatch WatchKit Extension";
		};
		3EE255E227A70EBD00CF587A /* PBXContainerItemProxy */ = {
			isa = PBXContainerItemProxy;
			containerPortal = 3EC76DE9279DD91B00982257 /* Project object */;
			proxyType = 1;
			remoteGlobalIDString = 3EE255C827A70EBB00CF587A;
			remoteInfo = SimonWatch;
		};
/* End PBXContainerItemProxy section */

/* Begin PBXCopyFilesBuildPhase section */
		3EE255E527A70EBD00CF587A /* Embed Watch Content */ = {
			isa = PBXCopyFilesBuildPhase;
			buildActionMask = 2147483647;
			dstPath = "$(CONTENTS_FOLDER_PATH)/Watch";
			dstSubfolderSpec = 16;
			files = (
				3EE255E427A70EBD00CF587A /* SimonWatch.app in Embed Watch Content */,
			);
			name = "Embed Watch Content";
			runOnlyForDeploymentPostprocessing = 0;
		};
		3EE255E827A70EBD00CF587A /* Embed App Extensions */ = {
			isa = PBXCopyFilesBuildPhase;
			buildActionMask = 2147483647;
			dstPath = "";
			dstSubfolderSpec = 13;
			files = (
				3EE255D227A70EBC00CF587A /* SimonWatch WatchKit Extension.appex in Embed App Extensions */,
			);
			name = "Embed App Extensions";
			runOnlyForDeploymentPostprocessing = 0;
		};
/* End PBXCopyFilesBuildPhase section */

/* Begin PBXFileReference section */
		3EC76DF1279DD91B00982257 /* Simon.app */ = {isa = PBXFileReference; explicitFileType = wrapper.application; includeInIndex = 0; path = Simon.app; sourceTree = BUILT_PRODUCTS_DIR; };
		3EC76DF4279DD91B00982257 /* SimonApp.swift */ = {isa = PBXFileReference; lastKnownFileType = sourcecode.swift; path = SimonApp.swift; sourceTree = "<group>"; };
		3EC76DF6279DD91B00982257 /* SimonButton.swift */ = {isa = PBXFileReference; lastKnownFileType = sourcecode.swift; path = SimonButton.swift; sourceTree = "<group>"; };
		3EC76DF8279DD91C00982257 /* Assets.xcassets */ = {isa = PBXFileReference; lastKnownFileType = folder.assetcatalog; path = Assets.xcassets; sourceTree = "<group>"; };
		3EC76DFB279DD91C00982257 /* Preview Assets.xcassets */ = {isa = PBXFileReference; lastKnownFileType = folder.assetcatalog; path = "Preview Assets.xcassets"; sourceTree = "<group>"; };
		3EC76E02279E31F200982257 /* ContentView.swift */ = {isa = PBXFileReference; lastKnownFileType = sourcecode.swift; path = ContentView.swift; sourceTree = "<group>"; };
		3EC76E04279E3C5800982257 /* SimonGame.swift */ = {isa = PBXFileReference; lastKnownFileType = sourcecode.swift; path = SimonGame.swift; sourceTree = "<group>"; };
		3EC76E06279E3C8C00982257 /* ButtonModel.swift */ = {isa = PBXFileReference; lastKnownFileType = sourcecode.swift; path = ButtonModel.swift; sourceTree = "<group>"; };
		3EE255C927A70EBB00CF587A /* SimonWatch.app */ = {isa = PBXFileReference; explicitFileType = wrapper.application; includeInIndex = 0; path = SimonWatch.app; sourceTree = BUILT_PRODUCTS_DIR; };
		3EE255CB27A70EBC00CF587A /* Assets.xcassets */ = {isa = PBXFileReference; lastKnownFileType = folder.assetcatalog; path = Assets.xcassets; sourceTree = "<group>"; };
		3EE255D127A70EBC00CF587A /* SimonWatch WatchKit Extension.appex */ = {isa = PBXFileReference; explicitFileType = "wrapper.app-extension"; includeInIndex = 0; path = "SimonWatch WatchKit Extension.appex"; sourceTree = BUILT_PRODUCTS_DIR; };
		3EE255D627A70EBC00CF587A /* WatchContentView.swift */ = {isa = PBXFileReference; lastKnownFileType = sourcecode.swift; path = WatchContentView.swift; sourceTree = "<group>"; };
		3EE255D827A70EBC00CF587A /* SimonApp.swift */ = {isa = PBXFileReference; lastKnownFileType = sourcecode.swift; path = SimonApp.swift; sourceTree = "<group>"; };
		3EE255DA27A70EBC00CF587A /* ComplicationController.swift */ = {isa = PBXFileReference; lastKnownFileType = sourcecode.swift; path = ComplicationController.swift; sourceTree = "<group>"; };
		3EE255DC27A70EBD00CF587A /* Assets.xcassets */ = {isa = PBXFileReference; lastKnownFileType = folder.assetcatalog; path = Assets.xcassets; sourceTree = "<group>"; };
		3EE255DF27A70EBD00CF587A /* Preview Assets.xcassets */ = {isa = PBXFileReference; lastKnownFileType = folder.assetcatalog; path = "Preview Assets.xcassets"; sourceTree = "<group>"; };
		3EE255E127A70EBD00CF587A /* Info.plist */ = {isa = PBXFileReference; lastKnownFileType = text.plist.xml; path = Info.plist; sourceTree = "<group>"; };
		3EE255F127A7103B00CF587A /* SimonButton.swift */ = {isa = PBXFileReference; lastKnownFileType = sourcecode.swift; path = SimonButton.swift; sourceTree = "<group>"; };
/* End PBXFileReference section */

/* Begin PBXFrameworksBuildPhase section */
		3EC76DEE279DD91B00982257 /* Frameworks */ = {
			isa = PBXFrameworksBuildPhase;
			buildActionMask = 2147483647;
			files = (
			);
			runOnlyForDeploymentPostprocessing = 0;
		};
		3EE255CE27A70EBC00CF587A /* Frameworks */ = {
			isa = PBXFrameworksBuildPhase;
			buildActionMask = 2147483647;
			files = (
			);
			runOnlyForDeploymentPostprocessing = 0;
		};
/* End PBXFrameworksBuildPhase section */

/* Begin PBXGroup section */
		3EC76DE8279DD91B00982257 = {
			isa = PBXGroup;
			children = (
				3EC76DF3279DD91B00982257 /* Simon */,
				3EE255CA27A70EBB00CF587A /* SimonWatch */,
				3EE255D527A70EBC00CF587A /* SimonWatch WatchKit Extension */,
				3EC76DF2279DD91B00982257 /* Products */,
			);
			sourceTree = "<group>";
		};
		3EC76DF2279DD91B00982257 /* Products */ = {
			isa = PBXGroup;
			children = (
				3EC76DF1279DD91B00982257 /* Simon.app */,
				3EE255C927A70EBB00CF587A /* SimonWatch.app */,
				3EE255D127A70EBC00CF587A /* SimonWatch WatchKit Extension.appex */,
			);
			name = Products;
			sourceTree = "<group>";
		};
		3EC76DF3279DD91B00982257 /* Simon */ = {
			isa = PBXGroup;
			children = (
				3EC76DF4279DD91B00982257 /* SimonApp.swift */,
				3EC76E02279E31F200982257 /* ContentView.swift */,
				3EC76E04279E3C5800982257 /* SimonGame.swift */,
				3EC76E06279E3C8C00982257 /* ButtonModel.swift */,
				3EC76DF6279DD91B00982257 /* SimonButton.swift */,
				3EC76DF8279DD91C00982257 /* Assets.xcassets */,
				3EC76DFA279DD91C00982257 /* Preview Content */,
			);
			path = Simon;
			sourceTree = "<group>";
		};
		3EC76DFA279DD91C00982257 /* Preview Content */ = {
			isa = PBXGroup;
			children = (
				3EC76DFB279DD91C00982257 /* Preview Assets.xcassets */,
			);
			path = "Preview Content";
			sourceTree = "<group>";
		};
		3EE255CA27A70EBB00CF587A /* SimonWatch */ = {
			isa = PBXGroup;
			children = (
				3EE255CB27A70EBC00CF587A /* Assets.xcassets */,
			);
			path = SimonWatch;
			sourceTree = "<group>";
		};
		3EE255D527A70EBC00CF587A /* SimonWatch WatchKit Extension */ = {
			isa = PBXGroup;
			children = (
				3EE255D627A70EBC00CF587A /* WatchContentView.swift */,
				3EE255D827A70EBC00CF587A /* SimonApp.swift */,
				3EE255F127A7103B00CF587A /* SimonButton.swift */,
				3EE255DA27A70EBC00CF587A /* ComplicationController.swift */,
				3EE255DC27A70EBD00CF587A /* Assets.xcassets */,
				3EE255E127A70EBD00CF587A /* Info.plist */,
				3EE255DE27A70EBD00CF587A /* Preview Content */,
			);
			path = "SimonWatch WatchKit Extension";
			sourceTree = "<group>";
		};
		3EE255DE27A70EBD00CF587A /* Preview Content */ = {
			isa = PBXGroup;
			children = (
				3EE255DF27A70EBD00CF587A /* Preview Assets.xcassets */,
			);
			path = "Preview Content";
			sourceTree = "<group>";
		};
/* End PBXGroup section */

/* Begin PBXNativeTarget section */
		3EC76DF0279DD91B00982257 /* Simon */ = {
			isa = PBXNativeTarget;
			buildConfigurationList = 3EC76DFF279DD91C00982257 /* Build configuration list for PBXNativeTarget "Simon" */;
			buildPhases = (
				3EC76DED279DD91B00982257 /* Sources */,
				3EC76DEE279DD91B00982257 /* Frameworks */,
				3EC76DEF279DD91B00982257 /* Resources */,
				3EE255E527A70EBD00CF587A /* Embed Watch Content */,
			);
			buildRules = (
			);
			dependencies = (
				3EE255E327A70EBD00CF587A /* PBXTargetDependency */,
			);
			name = Simon;
			productName = Simon;
			productReference = 3EC76DF1279DD91B00982257 /* Simon.app */;
			productType = "com.apple.product-type.application";
		};
		3EE255C827A70EBB00CF587A /* SimonWatch */ = {
			isa = PBXNativeTarget;
			buildConfigurationList = 3EE255EC27A70EBD00CF587A /* Build configuration list for PBXNativeTarget "SimonWatch" */;
			buildPhases = (
				3EE255C727A70EBB00CF587A /* Resources */,
				3EE255E827A70EBD00CF587A /* Embed App Extensions */,
			);
			buildRules = (
			);
			dependencies = (
				3EE255D427A70EBC00CF587A /* PBXTargetDependency */,
			);
			name = SimonWatch;
			productName = SimonWatch;
			productReference = 3EE255C927A70EBB00CF587A /* SimonWatch.app */;
			productType = "com.apple.product-type.application.watchapp2";
		};
		3EE255D027A70EBC00CF587A /* SimonWatch WatchKit Extension */ = {
			isa = PBXNativeTarget;
			buildConfigurationList = 3EE255EB27A70EBD00CF587A /* Build configuration list for PBXNativeTarget "SimonWatch WatchKit Extension" */;
			buildPhases = (
				3EE255CD27A70EBC00CF587A /* Sources */,
				3EE255CE27A70EBC00CF587A /* Frameworks */,
				3EE255CF27A70EBC00CF587A /* Resources */,
			);
			buildRules = (
			);
			dependencies = (
			);
			name = "SimonWatch WatchKit Extension";
			productName = "SimonWatch WatchKit Extension";
			productReference = 3EE255D127A70EBC00CF587A /* SimonWatch WatchKit Extension.appex */;
			productType = "com.apple.product-type.watchkit2-extension";
		};
/* End PBXNativeTarget section */

/* Begin PBXProject section */
		3EC76DE9279DD91B00982257 /* Project object */ = {
			isa = PBXProject;
			attributes = {
				BuildIndependentTargetsInParallel = 1;
				LastSwiftUpdateCheck = 1320;
				LastUpgradeCheck = 1320;
				TargetAttributes = {
					3EC76DF0279DD91B00982257 = {
						CreatedOnToolsVersion = 13.2.1;
					};
					3EE255C827A70EBB00CF587A = {
						CreatedOnToolsVersion = 13.2.1;
					};
					3EE255D027A70EBC00CF587A = {
						CreatedOnToolsVersion = 13.2.1;
					};
				};
			};
			buildConfigurationList = 3EC76DEC279DD91B00982257 /* Build configuration list for PBXProject "Simon" */;
			compatibilityVersion = "Xcode 13.0";
			developmentRegion = en;
			hasScannedForEncodings = 0;
			knownRegions = (
				en,
				Base,
			);
			mainGroup = 3EC76DE8279DD91B00982257;
			productRefGroup = 3EC76DF2279DD91B00982257 /* Products */;
			projectDirPath = "";
			projectRoot = "";
			targets = (
				3EC76DF0279DD91B00982257 /* Simon */,
				3EE255C827A70EBB00CF587A /* SimonWatch */,
				3EE255D027A70EBC00CF587A /* SimonWatch WatchKit Extension */,
			);
		};
/* End PBXProject section */

/* Begin PBXResourcesBuildPhase section */
		3EC76DEF279DD91B00982257 /* Resources */ = {
			isa = PBXResourcesBuildPhase;
			buildActionMask = 2147483647;
			files = (
				3EC76DFC279DD91C00982257 /* Preview Assets.xcassets in Resources */,
				3EC76DF9279DD91C00982257 /* Assets.xcassets in Resources */,
			);
			runOnlyForDeploymentPostprocessing = 0;
		};
		3EE255C727A70EBB00CF587A /* Resources */ = {
			isa = PBXResourcesBuildPhase;
			buildActionMask = 2147483647;
			files = (
				3EE255CC27A70EBC00CF587A /* Assets.xcassets in Resources */,
			);
			runOnlyForDeploymentPostprocessing = 0;
		};
		3EE255CF27A70EBC00CF587A /* Resources */ = {
			isa = PBXResourcesBuildPhase;
			buildActionMask = 2147483647;
			files = (
				3EE255E027A70EBD00CF587A /* Preview Assets.xcassets in Resources */,
				3EE255DD27A70EBD00CF587A /* Assets.xcassets in Resources */,
			);
			runOnlyForDeploymentPostprocessing = 0;
		};
/* End PBXResourcesBuildPhase section */

/* Begin PBXSourcesBuildPhase section */
		3EC76DED279DD91B00982257 /* Sources */ = {
			isa = PBXSourcesBuildPhase;
			buildActionMask = 2147483647;
			files = (
				3EC76DF7279DD91B00982257 /* SimonButton.swift in Sources */,
				3EC76E03279E31F200982257 /* ContentView.swift in Sources */,
				3EC76E07279E3C8C00982257 /* ButtonModel.swift in Sources */,
				3EC76E05279E3C5800982257 /* SimonGame.swift in Sources */,
				3EC76DF5279DD91B00982257 /* SimonApp.swift in Sources */,
			);
			runOnlyForDeploymentPostprocessing = 0;
		};
		3EE255CD27A70EBC00CF587A /* Sources */ = {
			isa = PBXSourcesBuildPhase;
			buildActionMask = 2147483647;
			files = (
				3EE255D927A70EBC00CF587A /* SimonApp.swift in Sources */,
				3EE255D727A70EBC00CF587A /* WatchContentView.swift in Sources */,
				3EE255EF27A70EFE00CF587A /* ContentView.swift in Sources */,
				3EE255EE27A70EFE00CF587A /* ButtonModel.swift in Sources */,
				3EE255ED27A70EFE00CF587A /* SimonGame.swift in Sources */,
				3EE255F227A7103B00CF587A /* SimonButton.swift in Sources */,
				3EE255DB27A70EBC00CF587A /* ComplicationController.swift in Sources */,
			);
			runOnlyForDeploymentPostprocessing = 0;
		};
/* End PBXSourcesBuildPhase section */

/* Begin PBXTargetDependency section */
		3EE255D427A70EBC00CF587A /* PBXTargetDependency */ = {
			isa = PBXTargetDependency;
			target = 3EE255D027A70EBC00CF587A /* SimonWatch WatchKit Extension */;
			targetProxy = 3EE255D327A70EBC00CF587A /* PBXContainerItemProxy */;
		};
		3EE255E327A70EBD00CF587A /* PBXTargetDependency */ = {
			isa = PBXTargetDependency;
			target = 3EE255C827A70EBB00CF587A /* SimonWatch */;
			targetProxy = 3EE255E227A70EBD00CF587A /* PBXContainerItemProxy */;
		};
/* End PBXTargetDependency section */

/* Begin XCBuildConfiguration section */
		3EC76DFD279DD91C00982257 /* Debug */ = {
			isa = XCBuildConfiguration;
			buildSettings = {
				ALWAYS_SEARCH_USER_PATHS = NO;
				CLANG_ANALYZER_NONNULL = YES;
				CLANG_ANALYZER_NUMBER_OBJECT_CONVERSION = YES_AGGRESSIVE;
				CLANG_CXX_LANGUAGE_STANDARD = "gnu++17";
				CLANG_CXX_LIBRARY = "libc++";
				CLANG_ENABLE_MODULES = YES;
				CLANG_ENABLE_OBJC_ARC = YES;
				CLANG_ENABLE_OBJC_WEAK = YES;
				CLANG_WARN_BLOCK_CAPTURE_AUTORELEASING = YES;
				CLANG_WARN_BOOL_CONVERSION = YES;
				CLANG_WARN_COMMA = YES;
				CLANG_WARN_CONSTANT_CONVERSION = YES;
				CLANG_WARN_DEPRECATED_OBJC_IMPLEMENTATIONS = YES;
				CLANG_WARN_DIRECT_OBJC_ISA_USAGE = YES_ERROR;
				CLANG_WARN_DOCUMENTATION_COMMENTS = YES;
				CLANG_WARN_EMPTY_BODY = YES;
				CLANG_WARN_ENUM_CONVERSION = YES;
				CLANG_WARN_INFINITE_RECURSION = YES;
				CLANG_WARN_INT_CONVERSION = YES;
				CLANG_WARN_NON_LITERAL_NULL_CONVERSION = YES;
				CLANG_WARN_OBJC_IMPLICIT_RETAIN_SELF = YES;
				CLANG_WARN_OBJC_LITERAL_CONVERSION = YES;
				CLANG_WARN_OBJC_ROOT_CLASS = YES_ERROR;
				CLANG_WARN_QUOTED_INCLUDE_IN_FRAMEWORK_HEADER = YES;
				CLANG_WARN_RANGE_LOOP_ANALYSIS = YES;
				CLANG_WARN_STRICT_PROTOTYPES = YES;
				CLANG_WARN_SUSPICIOUS_MOVE = YES;
				CLANG_WARN_UNGUARDED_AVAILABILITY = YES_AGGRESSIVE;
				CLANG_WARN_UNREACHABLE_CODE = YES;
				CLANG_WARN__DUPLICATE_METHOD_MATCH = YES;
				COPY_PHASE_STRIP = NO;
				DEBUG_INFORMATION_FORMAT = dwarf;
				ENABLE_STRICT_OBJC_MSGSEND = YES;
				ENABLE_TESTABILITY = YES;
				GCC_C_LANGUAGE_STANDARD = gnu11;
				GCC_DYNAMIC_NO_PIC = NO;
				GCC_NO_COMMON_BLOCKS = YES;
				GCC_OPTIMIZATION_LEVEL = 0;
				GCC_PREPROCESSOR_DEFINITIONS = (
					"DEBUG=1",
					"$(inherited)",
				);
				GCC_WARN_64_TO_32_BIT_CONVERSION = YES;
				GCC_WARN_ABOUT_RETURN_TYPE = YES_ERROR;
				GCC_WARN_UNDECLARED_SELECTOR = YES;
				GCC_WARN_UNINITIALIZED_AUTOS = YES_AGGRESSIVE;
				GCC_WARN_UNUSED_FUNCTION = YES;
				GCC_WARN_UNUSED_VARIABLE = YES;
				IPHONEOS_DEPLOYMENT_TARGET = 15.2;
				MTL_ENABLE_DEBUG_INFO = INCLUDE_SOURCE;
				MTL_FAST_MATH = YES;
				ONLY_ACTIVE_ARCH = YES;
				SDKROOT = iphoneos;
				SWIFT_ACTIVE_COMPILATION_CONDITIONS = DEBUG;
				SWIFT_OPTIMIZATION_LEVEL = "-Onone";
			};
			name = Debug;
		};
		3EC76DFE279DD91C00982257 /* Release */ = {
			isa = XCBuildConfiguration;
			buildSettings = {
				ALWAYS_SEARCH_USER_PATHS = NO;
				CLANG_ANALYZER_NONNULL = YES;
				CLANG_ANALYZER_NUMBER_OBJECT_CONVERSION = YES_AGGRESSIVE;
				CLANG_CXX_LANGUAGE_STANDARD = "gnu++17";
				CLANG_CXX_LIBRARY = "libc++";
				CLANG_ENABLE_MODULES = YES;
				CLANG_ENABLE_OBJC_ARC = YES;
				CLANG_ENABLE_OBJC_WEAK = YES;
				CLANG_WARN_BLOCK_CAPTURE_AUTORELEASING = YES;
				CLANG_WARN_BOOL_CONVERSION = YES;
				CLANG_WARN_COMMA = YES;
				CLANG_WARN_CONSTANT_CONVERSION = YES;
				CLANG_WARN_DEPRECATED_OBJC_IMPLEMENTATIONS = YES;
				CLANG_WARN_DIRECT_OBJC_ISA_USAGE = YES_ERROR;
				CLANG_WARN_DOCUMENTATION_COMMENTS = YES;
				CLANG_WARN_EMPTY_BODY = YES;
				CLANG_WARN_ENUM_CONVERSION = YES;
				CLANG_WARN_INFINITE_RECURSION = YES;
				CLANG_WARN_INT_CONVERSION = YES;
				CLANG_WARN_NON_LITERAL_NULL_CONVERSION = YES;
				CLANG_WARN_OBJC_IMPLICIT_RETAIN_SELF = YES;
				CLANG_WARN_OBJC_LITERAL_CONVERSION = YES;
				CLANG_WARN_OBJC_ROOT_CLASS = YES_ERROR;
				CLANG_WARN_QUOTED_INCLUDE_IN_FRAMEWORK_HEADER = YES;
				CLANG_WARN_RANGE_LOOP_ANALYSIS = YES;
				CLANG_WARN_STRICT_PROTOTYPES = YES;
				CLANG_WARN_SUSPICIOUS_MOVE = YES;
				CLANG_WARN_UNGUARDED_AVAILABILITY = YES_AGGRESSIVE;
				CLANG_WARN_UNREACHABLE_CODE = YES;
				CLANG_WARN__DUPLICATE_METHOD_MATCH = YES;
				COPY_PHASE_STRIP = NO;
				DEBUG_INFORMATION_FORMAT = "dwarf-with-dsym";
				ENABLE_NS_ASSERTIONS = NO;
				ENABLE_STRICT_OBJC_MSGSEND = YES;
				GCC_C_LANGUAGE_STANDARD = gnu11;
				GCC_NO_COMMON_BLOCKS = YES;
				GCC_WARN_64_TO_32_BIT_CONVERSION = YES;
				GCC_WARN_ABOUT_RETURN_TYPE = YES_ERROR;
				GCC_WARN_UNDECLARED_SELECTOR = YES;
				GCC_WARN_UNINITIALIZED_AUTOS = YES_AGGRESSIVE;
				GCC_WARN_UNUSED_FUNCTION = YES;
				GCC_WARN_UNUSED_VARIABLE = YES;
				IPHONEOS_DEPLOYMENT_TARGET = 15.2;
				MTL_ENABLE_DEBUG_INFO = NO;
				MTL_FAST_MATH = YES;
				SDKROOT = iphoneos;
				SWIFT_COMPILATION_MODE = wholemodule;
				SWIFT_OPTIMIZATION_LEVEL = "-O";
				VALIDATE_PRODUCT = YES;
			};
			name = Release;
		};
		3EC76E00279DD91C00982257 /* Debug */ = {
			isa = XCBuildConfiguration;
			buildSettings = {
				ASSETCATALOG_COMPILER_APPICON_NAME = AppIcon;
				ASSETCATALOG_COMPILER_GLOBAL_ACCENT_COLOR_NAME = AccentColor;
				CODE_SIGN_STYLE = Automatic;
				CURRENT_PROJECT_VERSION = 1;
				DEVELOPMENT_ASSET_PATHS = "\"Simon/Preview Content\"";
				DEVELOPMENT_TEAM = PU4JAM9L7Q;
				ENABLE_PREVIEWS = YES;
				GENERATE_INFOPLIST_FILE = YES;
				INFOPLIST_KEY_UIApplicationSceneManifest_Generation = YES;
				INFOPLIST_KEY_UIApplicationSupportsIndirectInputEvents = YES;
				INFOPLIST_KEY_UILaunchScreen_Generation = YES;
				INFOPLIST_KEY_UISupportedInterfaceOrientations_iPad = "UIInterfaceOrientationPortrait UIInterfaceOrientationPortraitUpsideDown UIInterfaceOrientationLandscapeLeft UIInterfaceOrientationLandscapeRight";
				INFOPLIST_KEY_UISupportedInterfaceOrientations_iPhone = "UIInterfaceOrientationPortrait UIInterfaceOrientationLandscapeLeft UIInterfaceOrientationLandscapeRight";
				LD_RUNPATH_SEARCH_PATHS = (
					"$(inherited)",
					"@executable_path/Frameworks",
				);
				MARKETING_VERSION = 1.0;
				PRODUCT_BUNDLE_IDENTIFIER = com.tomphillipsmusic.Simon;
				PRODUCT_NAME = "$(TARGET_NAME)";
				SWIFT_EMIT_LOC_STRINGS = YES;
				SWIFT_VERSION = 5.0;
				TARGETED_DEVICE_FAMILY = "1,2";
			};
			name = Debug;
		};
		3EC76E01279DD91C00982257 /* Release */ = {
			isa = XCBuildConfiguration;
			buildSettings = {
				ASSETCATALOG_COMPILER_APPICON_NAME = AppIcon;
				ASSETCATALOG_COMPILER_GLOBAL_ACCENT_COLOR_NAME = AccentColor;
				CODE_SIGN_STYLE = Automatic;
				CURRENT_PROJECT_VERSION = 1;
				DEVELOPMENT_ASSET_PATHS = "\"Simon/Preview Content\"";
				DEVELOPMENT_TEAM = PU4JAM9L7Q;
				ENABLE_PREVIEWS = YES;
				GENERATE_INFOPLIST_FILE = YES;
				INFOPLIST_KEY_UIApplicationSceneManifest_Generation = YES;
				INFOPLIST_KEY_UIApplicationSupportsIndirectInputEvents = YES;
				INFOPLIST_KEY_UILaunchScreen_Generation = YES;
				INFOPLIST_KEY_UISupportedInterfaceOrientations_iPad = "UIInterfaceOrientationPortrait UIInterfaceOrientationPortraitUpsideDown UIInterfaceOrientationLandscapeLeft UIInterfaceOrientationLandscapeRight";
				INFOPLIST_KEY_UISupportedInterfaceOrientations_iPhone = "UIInterfaceOrientationPortrait UIInterfaceOrientationLandscapeLeft UIInterfaceOrientationLandscapeRight";
				LD_RUNPATH_SEARCH_PATHS = (
					"$(inherited)",
					"@executable_path/Frameworks",
				);
				MARKETING_VERSION = 1.0;
				PRODUCT_BUNDLE_IDENTIFIER = com.tomphillipsmusic.Simon;
				PRODUCT_NAME = "$(TARGET_NAME)";
				SWIFT_EMIT_LOC_STRINGS = YES;
				SWIFT_VERSION = 5.0;
				TARGETED_DEVICE_FAMILY = "1,2";
			};
			name = Release;
		};
		3EE255E627A70EBD00CF587A /* Debug */ = {
			isa = XCBuildConfiguration;
			buildSettings = {
				ALWAYS_EMBED_SWIFT_STANDARD_LIBRARIES = YES;
				ASSETCATALOG_COMPILER_APPICON_NAME = AppIcon;
				ASSETCATALOG_COMPILER_GLOBAL_ACCENT_COLOR_NAME = AccentColor;
				CODE_SIGN_STYLE = Automatic;
				CURRENT_PROJECT_VERSION = 1;
				DEVELOPMENT_TEAM = PU4JAM9L7Q;
				GENERATE_INFOPLIST_FILE = YES;
				IBSC_MODULE = SimonWatch_WatchKit_Extension;
				INFOPLIST_KEY_CFBundleDisplayName = SimonWatch;
				INFOPLIST_KEY_UISupportedInterfaceOrientations = "UIInterfaceOrientationPortrait UIInterfaceOrientationPortraitUpsideDown";
				INFOPLIST_KEY_WKCompanionAppBundleIdentifier = com.tomphillipsmusic.Simon;
				MARKETING_VERSION = 1.0;
				PRODUCT_BUNDLE_IDENTIFIER = com.tomphillipsmusic.Simon.watchkitapp;
				PRODUCT_NAME = "$(TARGET_NAME)";
				SDKROOT = watchos;
				SKIP_INSTALL = YES;
				SWIFT_EMIT_LOC_STRINGS = YES;
				SWIFT_VERSION = 5.0;
				TARGETED_DEVICE_FAMILY = 4;
				WATCHOS_DEPLOYMENT_TARGET = 8.3;
			};
			name = Debug;
		};
		3EE255E727A70EBD00CF587A /* Release */ = {
			isa = XCBuildConfiguration;
			buildSettings = {
				ALWAYS_EMBED_SWIFT_STANDARD_LIBRARIES = YES;
				ASSETCATALOG_COMPILER_APPICON_NAME = AppIcon;
				ASSETCATALOG_COMPILER_GLOBAL_ACCENT_COLOR_NAME = AccentColor;
				CODE_SIGN_STYLE = Automatic;
				CURRENT_PROJECT_VERSION = 1;
				DEVELOPMENT_TEAM = PU4JAM9L7Q;
				GENERATE_INFOPLIST_FILE = YES;
				IBSC_MODULE = SimonWatch_WatchKit_Extension;
				INFOPLIST_KEY_CFBundleDisplayName = SimonWatch;
				INFOPLIST_KEY_UISupportedInterfaceOrientations = "UIInterfaceOrientationPortrait UIInterfaceOrientationPortraitUpsideDown";
				INFOPLIST_KEY_WKCompanionAppBundleIdentifier = com.tomphillipsmusic.Simon;
				MARKETING_VERSION = 1.0;
				PRODUCT_BUNDLE_IDENTIFIER = com.tomphillipsmusic.Simon.watchkitapp;
				PRODUCT_NAME = "$(TARGET_NAME)";
				SDKROOT = watchos;
				SKIP_INSTALL = YES;
				SWIFT_EMIT_LOC_STRINGS = YES;
				SWIFT_VERSION = 5.0;
				TARGETED_DEVICE_FAMILY = 4;
				WATCHOS_DEPLOYMENT_TARGET = 8.3;
			};
			name = Release;
		};
		3EE255E927A70EBD00CF587A /* Debug */ = {
			isa = XCBuildConfiguration;
			buildSettings = {
				ASSETCATALOG_COMPILER_COMPLICATION_NAME = Complication;
				CODE_SIGN_STYLE = Automatic;
				CURRENT_PROJECT_VERSION = 1;
				DEVELOPMENT_ASSET_PATHS = "\"SimonWatch WatchKit Extension/Preview Content\"";
				DEVELOPMENT_TEAM = PU4JAM9L7Q;
				ENABLE_PREVIEWS = YES;
				GENERATE_INFOPLIST_FILE = YES;
				INFOPLIST_FILE = "SimonWatch WatchKit Extension/Info.plist";
				INFOPLIST_KEY_CFBundleDisplayName = "SimonWatch WatchKit Extension";
				INFOPLIST_KEY_CLKComplicationPrincipalClass = "$(PRODUCT_MODULE_NAME).ComplicationController";
				INFOPLIST_KEY_NSHumanReadableCopyright = "";
				LD_RUNPATH_SEARCH_PATHS = (
					"$(inherited)",
					"@executable_path/Frameworks",
					"@executable_path/../../Frameworks",
				);
				MARKETING_VERSION = 1.0;
				PRODUCT_BUNDLE_IDENTIFIER = com.tomphillipsmusic.Simon.watchkitapp.watchkitextension;
				PRODUCT_NAME = "${TARGET_NAME}";
				SDKROOT = watchos;
				SKIP_INSTALL = YES;
				SWIFT_EMIT_LOC_STRINGS = YES;
				SWIFT_VERSION = 5.0;
				TARGETED_DEVICE_FAMILY = 4;
				WATCHOS_DEPLOYMENT_TARGET = 8.3;
			};
			name = Debug;
		};
		3EE255EA27A70EBD00CF587A /* Release */ = {
			isa = XCBuildConfiguration;
			buildSettings = {
				ASSETCATALOG_COMPILER_COMPLICATION_NAME = Complication;
				CODE_SIGN_STYLE = Automatic;
				CURRENT_PROJECT_VERSION = 1;
				DEVELOPMENT_ASSET_PATHS = "\"SimonWatch WatchKit Extension/Preview Content\"";
				DEVELOPMENT_TEAM = PU4JAM9L7Q;
				ENABLE_PREVIEWS = YES;
				GENERATE_INFOPLIST_FILE = YES;
				INFOPLIST_FILE = "SimonWatch WatchKit Extension/Info.plist";
				INFOPLIST_KEY_CFBundleDisplayName = "SimonWatch WatchKit Extension";
				INFOPLIST_KEY_CLKComplicationPrincipalClass = "$(PRODUCT_MODULE_NAME).ComplicationController";
				INFOPLIST_KEY_NSHumanReadableCopyright = "";
				LD_RUNPATH_SEARCH_PATHS = (
					"$(inherited)",
					"@executable_path/Frameworks",
					"@executable_path/../../Frameworks",
				);
				MARKETING_VERSION = 1.0;
				PRODUCT_BUNDLE_IDENTIFIER = com.tomphillipsmusic.Simon.watchkitapp.watchkitextension;
				PRODUCT_NAME = "${TARGET_NAME}";
				SDKROOT = watchos;
				SKIP_INSTALL = YES;
				SWIFT_EMIT_LOC_STRINGS = YES;
				SWIFT_VERSION = 5.0;
				TARGETED_DEVICE_FAMILY = 4;
				WATCHOS_DEPLOYMENT_TARGET = 8.3;
			};
			name = Release;
		};
/* End XCBuildConfiguration section */

/* Begin XCConfigurationList section */
		3EC76DEC279DD91B00982257 /* Build configuration list for PBXProject "Simon" */ = {
			isa = XCConfigurationList;
			buildConfigurations = (
				3EC76DFD279DD91C00982257 /* Debug */,
				3EC76DFE279DD91C00982257 /* Release */,
			);
			defaultConfigurationIsVisible = 0;
			defaultConfigurationName = Release;
		};
		3EC76DFF279DD91C00982257 /* Build configuration list for PBXNativeTarget "Simon" */ = {
			isa = XCConfigurationList;
			buildConfigurations = (
				3EC76E00279DD91C00982257 /* Debug */,
				3EC76E01279DD91C00982257 /* Release */,
			);
			defaultConfigurationIsVisible = 0;
			defaultConfigurationName = Release;
		};
		3EE255EB27A70EBD00CF587A /* Build configuration list for PBXNativeTarget "SimonWatch WatchKit Extension" */ = {
			isa = XCConfigurationList;
			buildConfigurations = (
				3EE255E927A70EBD00CF587A /* Debug */,
				3EE255EA27A70EBD00CF587A /* Release */,
			);
			defaultConfigurationIsVisible = 0;
			defaultConfigurationName = Release;
		};
		3EE255EC27A70EBD00CF587A /* Build configuration list for PBXNativeTarget "SimonWatch" */ = {
			isa = XCConfigurationList;
			buildConfigurations = (
				3EE255E627A70EBD00CF587A /* Debug */,
				3EE255E727A70EBD00CF587A /* Release */,
			);
			defaultConfigurationIsVisible = 0;
			defaultConfigurationName = Release;
		};
/* End XCConfigurationList section */
	};
	rootObject = 3EC76DE9279DD91B00982257 /* Project object */;
}
